
Microsoft Visual Studio Solution File, Format Version 12.00
# Visual Studio Version 17
VisualStudioVersion = 17.7.34221.43
MinimumVisualStudioVersion = 10.0.40219.1
Project("{FAE04EC0-301F-11D3-BF4B-00C04F79EFBC}") = "Section2-Exercises", "Section2-Exercises\Section2-Exercises.csproj", "{D74B7F67-D2C7-427D-A4AB-3BBD861A7065}"
EndProject
Project("{FAE04EC0-301F-11D3-BF4B-00C04F79EFBC}") = "Section2-Calculator", "Section2-Calculator\Section2-Calculator.csproj", "{DA899244-F158-4465-829A-C0BD30FC9EF3}"
EndProject
Global
	GlobalSection(SolutionConfigurationPlatforms) = preSolution
		Debug|Any CPU = Debug|Any CPU
		Release|Any CPU = Release|Any CPU
	EndGlobalSection
	GlobalSection(ProjectConfigurationPlatforms) = postSolution
		{D74B7F67-D2C7-427D-A4AB-3BBD861A7065}.Debug|Any CPU.ActiveCfg = Debug|Any CPU
		{D74B7F67-D2C7-427D-A4AB-3BBD861A7065}.Debug|Any CPU.Build.0 = Debug|Any CPU
		{D74B7F67-D2C7-427D-A4AB-3BBD861A7065}.Release|Any CPU.ActiveCfg = Release|Any CPU
		{D74B7F67-D2C7-427D-A4AB-3BBD861A7065}.Release|Any CPU.Build.0 = Release|Any CPU
		{DA899244-F158-4465-829A-C0BD30FC9EF3}.Debug|Any CPU.ActiveCfg = Debug|Any CPU
		{DA899244-F158-4465-829A-C0BD30FC9EF3}.Debug|Any CPU.Build.0 = Debug|Any CPU
		{DA899244-F158-4465-829A-C0BD30FC9EF3}.Release|Any CPU.ActiveCfg = Release|Any CPU
		{DA899244-F158-4465-829A-C0BD30FC9EF3}.Release|Any CPU.Build.0 = Release|Any CPU
	EndGlobalSection
	GlobalSection(SolutionProperties) = preSolution
		HideSolutionNode = FALSE
	EndGlobalSection
	GlobalSection(ExtensibilityGlobals) = postSolution
		SolutionGuid = {A46ABA76-4454-48BA-B513-F8499E347C75}
	EndGlobalSection
EndGlobal
